
Microsoft Visual Studio Solution File, Format Version 12.00
# Visual Studio Version 16
VisualStudioVersion = 16.0.31229.75
MinimumVisualStudioVersion = 10.0.40219.1
Project("{FAE04EC0-301F-11D3-BF4B-00C04F79EFBC}") = "MarsRover", "MarsRover\MarsRover.csproj", "{13319F60-30F2-40D0-AD06-8609292AE8F3}"
EndProject
Project("{FAE04EC0-301F-11D3-BF4B-00C04F79EFBC}") = "MarsRover.Test", "MarsRover.Test\MarsRover.Test.csproj", "{900DA3E1-518C-4975-B87A-59DAF2EEF374}"
EndProject
Global
	GlobalSection(SolutionConfigurationPlatforms) = preSolution
		Debug|Any CPU = Debug|Any CPU
		Release|Any CPU = Release|Any CPU
	EndGlobalSection
	GlobalSection(ProjectConfigurationPlatforms) = postSolution
		{13319F60-30F2-40D0-AD06-8609292AE8F3}.Debug|Any CPU.ActiveCfg = Debug|Any CPU
		{13319F60-30F2-40D0-AD06-8609292AE8F3}.Debug|Any CPU.Build.0 = Debug|Any CPU
		{13319F60-30F2-40D0-AD06-8609292AE8F3}.Release|Any CPU.ActiveCfg = Release|Any CPU
		{13319F60-30F2-40D0-AD06-8609292AE8F3}.Release|Any CPU.Build.0 = Release|Any CPU
		{900DA3E1-518C-4975-B87A-59DAF2EEF374}.Debug|Any CPU.ActiveCfg = Debug|Any CPU
		{900DA3E1-518C-4975-B87A-59DAF2EEF374}.Debug|Any CPU.Build.0 = Debug|Any CPU
		{900DA3E1-518C-4975-B87A-59DAF2EEF374}.Release|Any CPU.ActiveCfg = Release|Any CPU
		{900DA3E1-518C-4975-B87A-59DAF2EEF374}.Release|Any CPU.Build.0 = Release|Any CPU
	EndGlobalSection
	GlobalSection(SolutionProperties) = preSolution
		HideSolutionNode = FALSE
	EndGlobalSection
	GlobalSection(ExtensibilityGlobals) = postSolution
		SolutionGuid = {DEE11A25-563B-4FE7-9806-C3FEBDD6E9CD}
	EndGlobalSection
EndGlobal
